
Microsoft Visual Studio Solution File, Format Version 12.00
# Visual Studio Version 17
VisualStudioVersion = 17.3.32922.545
MinimumVisualStudioVersion = 10.0.40219.1
Project("{FAE04EC0-301F-11D3-BF4B-00C04F79EFBC}") = "GitSampleDemo", "GitSampleDemo.csproj", "{76848C9D-0D97-45F1-90F9-0E9B526621E8}"
EndProject
Global
	GlobalSection(SolutionConfigurationPlatforms) = preSolution
		Debug|Any CPU = Debug|Any CPU
		Release|Any CPU = Release|Any CPU
	EndGlobalSection
	GlobalSection(ProjectConfigurationPlatforms) = postSolution
		{76848C9D-0D97-45F1-90F9-0E9B526621E8}.Debug|Any CPU.ActiveCfg = Debug|Any CPU
		{76848C9D-0D97-45F1-90F9-0E9B526621E8}.Debug|Any CPU.Build.0 = Debug|Any CPU
		{76848C9D-0D97-45F1-90F9-0E9B526621E8}.Release|Any CPU.ActiveCfg = Release|Any CPU
		{76848C9D-0D97-45F1-90F9-0E9B526621E8}.Release|Any CPU.Build.0 = Release|Any CPU
	EndGlobalSection
	GlobalSection(SolutionProperties) = preSolution
		HideSolutionNode = FALSE
	EndGlobalSection
	GlobalSection(ExtensibilityGlobals) = postSolution
		SolutionGuid = {5DB0591D-41FE-404A-AE54-7B945538BBF9}
	EndGlobalSection
EndGlobal
